
Microsoft Visual Studio Solution File, Format Version 12.00
# Visual Studio 14
VisualStudioVersion = 14.0.24720.0
MinimumVisualStudioVersion = 10.0.40219.1
Project("{FAE04EC0-301F-11D3-BF4B-00C04F79EFBC}") = "Cassia", "Source\Cassia\Cassia.csproj", "{FA7C09C9-33DE-459E-8299-DE57834CEC15}"
EndProject
Project("{FAE04EC0-301F-11D3-BF4B-00C04F79EFBC}") = "SessionInfo", "Samples\SessionInfo\Source\SessionInfo\SessionInfo.csproj", "{B649FF4B-ECBC-4955-BC17-B02903924165}"
EndProject
Project("{FAE04EC0-301F-11D3-BF4B-00C04F79EFBC}") = "Cassia.Tests", "Source\Cassia.Tests\Cassia.Tests.csproj", "{45B733B5-CE1A-4FF3-81BA-FF7A28D7A088}"
EndProject
Project("{FAE04EC0-301F-11D3-BF4B-00C04F79EFBC}") = "Cassia.Tests.Server", "Source\Cassia.Tests.Server\Cassia.Tests.Server.csproj", "{2260F8C7-5D4C-4DD7-AED3-D39CF6EEE61A}"
EndProject
Project("{FAE04EC0-301F-11D3-BF4B-00C04F79EFBC}") = "Cassia.Tests.Model", "Source\Cassia.Tests.Model\Cassia.Tests.Model.csproj", "{3491E15A-1F64-4BA4-8459-C8859B84C1BE}"
EndProject
Global
	GlobalSection(SolutionConfigurationPlatforms) = preSolution
		Debug|Any CPU = Debug|Any CPU
		Debug|x86 = Debug|x86
		FxCop|Any CPU = FxCop|Any CPU
		FxCop|x86 = FxCop|x86
		Release|Any CPU = Release|Any CPU
		Release|x86 = Release|x86
		Silverlight Debug|Any CPU = Silverlight Debug|Any CPU
		Silverlight Debug|x86 = Silverlight Debug|x86
		Silverlight Release|Any CPU = Silverlight Release|Any CPU
		Silverlight Release|x86 = Silverlight Release|x86
		SpecSharp|Any CPU = SpecSharp|Any CPU
		SpecSharp|x86 = SpecSharp|x86
	EndGlobalSection
	GlobalSection(ProjectConfigurationPlatforms) = postSolution
		{FA7C09C9-33DE-459E-8299-DE57834CEC15}.Debug|Any CPU.ActiveCfg = Debug|Any CPU
		{FA7C09C9-33DE-459E-8299-DE57834CEC15}.Debug|Any CPU.Build.0 = Debug|Any CPU
		{FA7C09C9-33DE-459E-8299-DE57834CEC15}.Debug|x86.ActiveCfg = Debug|Any CPU
		{FA7C09C9-33DE-459E-8299-DE57834CEC15}.Debug|x86.Build.0 = Debug|Any CPU
		{FA7C09C9-33DE-459E-8299-DE57834CEC15}.FxCop|Any CPU.ActiveCfg = Release|Any CPU
		{FA7C09C9-33DE-459E-8299-DE57834CEC15}.FxCop|Any CPU.Build.0 = Release|Any CPU
		{FA7C09C9-33DE-459E-8299-DE57834CEC15}.FxCop|x86.ActiveCfg = Release|Any CPU
		{FA7C09C9-33DE-459E-8299-DE57834CEC15}.FxCop|x86.Build.0 = Release|Any CPU
		{FA7C09C9-33DE-459E-8299-DE57834CEC15}.Release|Any CPU.ActiveCfg = Release|Any CPU
		{FA7C09C9-33DE-459E-8299-DE57834CEC15}.Release|Any CPU.Build.0 = Release|Any CPU
		{FA7C09C9-33DE-459E-8299-DE57834CEC15}.Release|x86.ActiveCfg = Release|Any CPU
		{FA7C09C9-33DE-459E-8299-DE57834CEC15}.Release|x86.Build.0 = Release|Any CPU
		{FA7C09C9-33DE-459E-8299-DE57834CEC15}.Silverlight Debug|Any CPU.ActiveCfg = Debug|Any CPU
		{FA7C09C9-33DE-459E-8299-DE57834CEC15}.Silverlight Debug|Any CPU.Build.0 = Debug|Any CPU
		{FA7C09C9-33DE-459E-8299-DE57834CEC15}.Silverlight Debug|x86.ActiveCfg = Debug|Any CPU
		{FA7C09C9-33DE-459E-8299-DE57834CEC15}.Silverlight Debug|x86.Build.0 = Debug|Any CPU
		{FA7C09C9-33DE-459E-8299-DE57834CEC15}.Silverlight Release|Any CPU.ActiveCfg = Release|Any CPU
		{FA7C09C9-33DE-459E-8299-DE57834CEC15}.Silverlight Release|Any CPU.Build.0 = Release|Any CPU
		{FA7C09C9-33DE-459E-8299-DE57834CEC15}.Silverlight Release|x86.ActiveCfg = Release|Any CPU
		{FA7C09C9-33DE-459E-8299-DE57834CEC15}.Silverlight Release|x86.Build.0 = Release|Any CPU
		{FA7C09C9-33DE-459E-8299-DE57834CEC15}.SpecSharp|Any CPU.ActiveCfg = Release|Any CPU
		{FA7C09C9-33DE-459E-8299-DE57834CEC15}.SpecSharp|Any CPU.Build.0 = Release|Any CPU
		{FA7C09C9-33DE-459E-8299-DE57834CEC15}.SpecSharp|x86.ActiveCfg = Release|Any CPU
		{FA7C09C9-33DE-459E-8299-DE57834CEC15}.SpecSharp|x86.Build.0 = Release|Any CPU
		{B649FF4B-ECBC-4955-BC17-B02903924165}.Debug|Any CPU.ActiveCfg = Debug|Any CPU
		{B649FF4B-ECBC-4955-BC17-B02903924165}.Debug|Any CPU.Build.0 = Debug|Any CPU
		{B649FF4B-ECBC-4955-BC17-B02903924165}.Debug|x86.ActiveCfg = Debug|Any CPU
		{B649FF4B-ECBC-4955-BC17-B02903924165}.Debug|x86.Build.0 = Debug|Any CPU
		{B649FF4B-ECBC-4955-BC17-B02903924165}.FxCop|Any CPU.ActiveCfg = Release|Any CPU
		{B649FF4B-ECBC-4955-BC17-B02903924165}.FxCop|Any CPU.Build.0 = Release|Any CPU
		{B649FF4B-ECBC-4955-BC17-B02903924165}.FxCop|x86.ActiveCfg = Release|Any CPU
		{B649FF4B-ECBC-4955-BC17-B02903924165}.FxCop|x86.Build.0 = Release|Any CPU
		{B649FF4B-ECBC-4955-BC17-B02903924165}.Release|Any CPU.ActiveCfg = Release|Any CPU
		{B649FF4B-ECBC-4955-BC17-B02903924165}.Release|Any CPU.Build.0 = Release|Any CPU
		{B649FF4B-ECBC-4955-BC17-B02903924165}.Release|x86.ActiveCfg = Release|Any CPU
		{B649FF4B-ECBC-4955-BC17-B02903924165}.Release|x86.Build.0 = Release|Any CPU
		{B649FF4B-ECBC-4955-BC17-B02903924165}.Silverlight Debug|Any CPU.ActiveCfg = Debug|Any CPU
		{B649FF4B-ECBC-4955-BC17-B02903924165}.Silverlight Debug|Any CPU.Build.0 = Debug|Any CPU
		{B649FF4B-ECBC-4955-BC17-B02903924165}.Silverlight Debug|x86.ActiveCfg = Debug|Any CPU
		{B649FF4B-ECBC-4955-BC17-B02903924165}.Silverlight Debug|x86.Build.0 = Debug|Any CPU
		{B649FF4B-ECBC-4955-BC17-B02903924165}.Silverlight Release|Any CPU.ActiveCfg = Release|Any CPU
		{B649FF4B-ECBC-4955-BC17-B02903924165}.Silverlight Release|Any CPU.Build.0 = Release|Any CPU
		{B649FF4B-ECBC-4955-BC17-B02903924165}.Silverlight Release|x86.ActiveCfg = Release|Any CPU
		{B649FF4B-ECBC-4955-BC17-B02903924165}.Silverlight Release|x86.Build.0 = Release|Any CPU
		{B649FF4B-ECBC-4955-BC17-B02903924165}.SpecSharp|Any CPU.ActiveCfg = Release|Any CPU
		{B649FF4B-ECBC-4955-BC17-B02903924165}.SpecSharp|Any CPU.Build.0 = Release|Any CPU
		{B649FF4B-ECBC-4955-BC17-B02903924165}.SpecSharp|x86.ActiveCfg = Release|Any CPU
		{B649FF4B-ECBC-4955-BC17-B02903924165}.SpecSharp|x86.Build.0 = Release|Any CPU
		{45B733B5-CE1A-4FF3-81BA-FF7A28D7A088}.Debug|Any CPU.ActiveCfg = Debug|Any CPU
		{45B733B5-CE1A-4FF3-81BA-FF7A28D7A088}.Debug|Any CPU.Build.0 = Debug|Any CPU
		{45B733B5-CE1A-4FF3-81BA-FF7A28D7A088}.Debug|x86.ActiveCfg = Debug|Any CPU
		{45B733B5-CE1A-4FF3-81BA-FF7A28D7A088}.Debug|x86.Build.0 = Debug|Any CPU
		{45B733B5-CE1A-4FF3-81BA-FF7A28D7A088}.FxCop|Any CPU.ActiveCfg = Release|Any CPU
		{45B733B5-CE1A-4FF3-81BA-FF7A28D7A088}.FxCop|Any CPU.Build.0 = Release|Any CPU
		{45B733B5-CE1A-4FF3-81BA-FF7A28D7A088}.FxCop|x86.ActiveCfg = Release|Any CPU
		{45B733B5-CE1A-4FF3-81BA-FF7A28D7A088}.FxCop|x86.Build.0 = Release|Any CPU
		{45B733B5-CE1A-4FF3-81BA-FF7A28D7A088}.Release|Any CPU.ActiveCfg = Release|Any CPU
		{45B733B5-CE1A-4FF3-81BA-FF7A28D7A088}.Release|Any CPU.Build.0 = Release|Any CPU
		{45B733B5-CE1A-4FF3-81BA-FF7A28D7A088}.Release|x86.ActiveCfg = Release|Any CPU
		{45B733B5-CE1A-4FF3-81BA-FF7A28D7A088}.Release|x86.Build.0 = Release|Any CPU
		{45B733B5-CE1A-4FF3-81BA-FF7A28D7A088}.Silverlight Debug|Any CPU.ActiveCfg = Debug|Any CPU
		{45B733B5-CE1A-4FF3-81BA-FF7A28D7A088}.Silverlight Debug|Any CPU.Build.0 = Debug|Any CPU
		{45B733B5-CE1A-4FF3-81BA-FF7A28D7A088}.Silverlight Debug|x86.ActiveCfg = Debug|Any CPU
		{45B733B5-CE1A-4FF3-81BA-FF7A28D7A088}.Silverlight Debug|x86.Build.0 = Debug|Any CPU
		{45B733B5-CE1A-4FF3-81BA-FF7A28D7A088}.Silverlight Release|Any CPU.ActiveCfg = Release|Any CPU
		{45B733B5-CE1A-4FF3-81BA-FF7A28D7A088}.Silverlight Release|Any CPU.Build.0 = Release|Any CPU
		{45B733B5-CE1A-4FF3-81BA-FF7A28D7A088}.Silverlight Release|x86.ActiveCfg = Release|Any CPU
		{45B733B5-CE1A-4FF3-81BA-FF7A28D7A088}.Silverlight Release|x86.Build.0 = Release|Any CPU
		{45B733B5-CE1A-4FF3-81BA-FF7A28D7A088}.SpecSharp|Any CPU.ActiveCfg = Release|Any CPU
		{45B733B5-CE1A-4FF3-81BA-FF7A28D7A088}.SpecSharp|Any CPU.Build.0 = Release|Any CPU
		{45B733B5-CE1A-4FF3-81BA-FF7A28D7A088}.SpecSharp|x86.ActiveCfg = Release|Any CPU
		{45B733B5-CE1A-4FF3-81BA-FF7A28D7A088}.SpecSharp|x86.Build.0 = Release|Any CPU
		{2260F8C7-5D4C-4DD7-AED3-D39CF6EEE61A}.Debug|Any CPU.ActiveCfg = Debug|Any CPU
		{2260F8C7-5D4C-4DD7-AED3-D39CF6EEE61A}.Debug|Any CPU.Build.0 = Debug|Any CPU
		{2260F8C7-5D4C-4DD7-AED3-D39CF6EEE61A}.Debug|x86.ActiveCfg = Debug|Any CPU
		{2260F8C7-5D4C-4DD7-AED3-D39CF6EEE61A}.Debug|x86.Build.0 = Debug|Any CPU
		{2260F8C7-5D4C-4DD7-AED3-D39CF6EEE61A}.FxCop|Any CPU.ActiveCfg = Release|Any CPU
		{2260F8C7-5D4C-4DD7-AED3-D39CF6EEE61A}.FxCop|Any CPU.Build.0 = Release|Any CPU
		{2260F8C7-5D4C-4DD7-AED3-D39CF6EEE61A}.FxCop|x86.ActiveCfg = Release|Any CPU
		{2260F8C7-5D4C-4DD7-AED3-D39CF6EEE61A}.FxCop|x86.Build.0 = Release|Any CPU
		{2260F8C7-5D4C-4DD7-AED3-D39CF6EEE61A}.Release|Any CPU.ActiveCfg = Release|Any CPU
		{2260F8C7-5D4C-4DD7-AED3-D39CF6EEE61A}.Release|Any CPU.Build.0 = Release|Any CPU
		{2260F8C7-5D4C-4DD7-AED3-D39CF6EEE61A}.Release|x86.ActiveCfg = Release|Any CPU
		{2260F8C7-5D4C-4DD7-AED3-D39CF6EEE61A}.Release|x86.Build.0 = Release|Any CPU
		{2260F8C7-5D4C-4DD7-AED3-D39CF6EEE61A}.Silverlight Debug|Any CPU.ActiveCfg = Debug|Any CPU
		{2260F8C7-5D4C-4DD7-AED3-D39CF6EEE61A}.Silverlight Debug|Any CPU.Build.0 = Debug|Any CPU
		{2260F8C7-5D4C-4DD7-AED3-D39CF6EEE61A}.Silverlight Debug|x86.ActiveCfg = Debug|Any CPU
		{2260F8C7-5D4C-4DD7-AED3-D39CF6EEE61A}.Silverlight Debug|x86.Build.0 = Debug|Any CPU
		{2260F8C7-5D4C-4DD7-AED3-D39CF6EEE61A}.Silverlight Release|Any CPU.ActiveCfg = Release|Any CPU
		{2260F8C7-5D4C-4DD7-AED3-D39CF6EEE61A}.Silverlight Release|Any CPU.Build.0 = Release|Any CPU
		{2260F8C7-5D4C-4DD7-AED3-D39CF6EEE61A}.Silverlight Release|x86.ActiveCfg = Release|Any CPU
		{2260F8C7-5D4C-4DD7-AED3-D39CF6EEE61A}.Silverlight Release|x86.Build.0 = Release|Any CPU
		{2260F8C7-5D4C-4DD7-AED3-D39CF6EEE61A}.SpecSharp|Any CPU.ActiveCfg = Release|Any CPU
		{2260F8C7-5D4C-4DD7-AED3-D39CF6EEE61A}.SpecSharp|Any CPU.Build.0 = Release|Any CPU
		{2260F8C7-5D4C-4DD7-AED3-D39CF6EEE61A}.SpecSharp|x86.ActiveCfg = Release|Any CPU
		{2260F8C7-5D4C-4DD7-AED3-D39CF6EEE61A}.SpecSharp|x86.Build.0 = Release|Any CPU
		{3491E15A-1F64-4BA4-8459-C8859B84C1BE}.Debug|Any CPU.ActiveCfg = Debug|Any CPU
		{3491E15A-1F64-4BA4-8459-C8859B84C1BE}.Debug|Any CPU.Build.0 = Debug|Any CPU
		{3491E15A-1F64-4BA4-8459-C8859B84C1BE}.Debug|x86.ActiveCfg = Debug|Any CPU
		{3491E15A-1F64-4BA4-8459-C8859B84C1BE}.Debug|x86.Build.0 = Debug|Any CPU
		{3491E15A-1F64-4BA4-8459-C8859B84C1BE}.FxCop|Any CPU.ActiveCfg = Release|Any CPU
		{3491E15A-1F64-4BA4-8459-C8859B84C1BE}.FxCop|Any CPU.Build.0 = Release|Any CPU
		{3491E15A-1F64-4BA4-8459-C8859B84C1BE}.FxCop|x86.ActiveCfg = Release|Any CPU
		{3491E15A-1F64-4BA4-8459-C8859B84C1BE}.FxCop|x86.Build.0 = Release|Any CPU
		{3491E15A-1F64-4BA4-8459-C8859B84C1BE}.Release|Any CPU.ActiveCfg = Release|Any CPU
		{3491E15A-1F64-4BA4-8459-C8859B84C1BE}.Release|Any CPU.Build.0 = Release|Any CPU
		{3491E15A-1F64-4BA4-8459-C8859B84C1BE}.Release|x86.ActiveCfg = Release|Any CPU
		{3491E15A-1F64-4BA4-8459-C8859B84C1BE}.Release|x86.Build.0 = Release|Any CPU
		{3491E15A-1F64-4BA4-8459-C8859B84C1BE}.Silverlight Debug|Any CPU.ActiveCfg = Debug|Any CPU
		{3491E15A-1F64-4BA4-8459-C8859B84C1BE}.Silverlight Debug|Any CPU.Build.0 = Debug|Any CPU
		{3491E15A-1F64-4BA4-8459-C8859B84C1BE}.Silverlight Debug|x86.ActiveCfg = Debug|Any CPU
		{3491E15A-1F64-4BA4-8459-C8859B84C1BE}.Silverlight Debug|x86.Build.0 = Debug|Any CPU
		{3491E15A-1F64-4BA4-8459-C8859B84C1BE}.Silverlight Release|Any CPU.ActiveCfg = Release|Any CPU
		{3491E15A-1F64-4BA4-8459-C8859B84C1BE}.Silverlight Release|Any CPU.Build.0 = Release|Any CPU
		{3491E15A-1F64-4BA4-8459-C8859B84C1BE}.Silverlight Release|x86.ActiveCfg = Release|Any CPU
		{3491E15A-1F64-4BA4-8459-C8859B84C1BE}.Silverlight Release|x86.Build.0 = Release|Any CPU
		{3491E15A-1F64-4BA4-8459-C8859B84C1BE}.SpecSharp|Any CPU.ActiveCfg = Release|Any CPU
		{3491E15A-1F64-4BA4-8459-C8859B84C1BE}.SpecSharp|Any CPU.Build.0 = Release|Any CPU
		{3491E15A-1F64-4BA4-8459-C8859B84C1BE}.SpecSharp|x86.ActiveCfg = Release|Any CPU
		{3491E15A-1F64-4BA4-8459-C8859B84C1BE}.SpecSharp|x86.Build.0 = Release|Any CPU
	EndGlobalSection
	GlobalSection(SolutionProperties) = preSolution
		HideSolutionNode = FALSE
	EndGlobalSection
EndGlobal
